// !$*UTF8*$!
{
	archiveVersion = 1;
	classes = {
	};
	objectVersion = 46;
	objects = {

/* Begin PBXBuildFile section */
		03328C7B1DBB502000EF28F4 /* CHButton.m in Sources */ = {isa = PBXBuildFile; fileRef = 03328C7A1DBB502000EF28F4 /* CHButton.m */; };
		03328C7F1DBB8C9000EF28F4 /* CHWebController.m in Sources */ = {isa = PBXBuildFile; fileRef = 03328C7D1DBB8C9000EF28F4 /* CHWebController.m */; };
		03328C801DBB8C9000EF28F4 /* CHWebController.xib in Resources */ = {isa = PBXBuildFile; fileRef = 03328C7E1DBB8C9000EF28F4 /* CHWebController.xib */; };
		03328C821DBB909C00EF28F4 /* WebKit.framework in Frameworks */ = {isa = PBXBuildFile; fileRef = 03328C811DBB909C00EF28F4 /* WebKit.framework */; };
		03328C861DBCCD6900EF28F4 /* CHFileManager.m in Sources */ = {isa = PBXBuildFile; fileRef = 03328C851DBCCD6900EF28F4 /* CHFileManager.m */; };
		03328C8A1DBCEBC900EF28F4 /* CHMainViewController.m in Sources */ = {isa = PBXBuildFile; fileRef = 03328C891DBCEBC900EF28F4 /* CHMainViewController.m */; };
		03328C8D1DBCEBE200EF28F4 /* CHVideoViewController.m in Sources */ = {isa = PBXBuildFile; fileRef = 03328C8C1DBCEBE200EF28F4 /* CHVideoViewController.m */; };
		03328C901DBCEBFF00EF28F4 /* CHVoiceViewController.m in Sources */ = {isa = PBXBuildFile; fileRef = 03328C8F1DBCEBFF00EF28F4 /* CHVoiceViewController.m */; };
		03328C931DBCEC0E00EF28F4 /* CHTextViewController.m in Sources */ = {isa = PBXBuildFile; fileRef = 03328C921DBCEC0E00EF28F4 /* CHTextViewController.m */; };
		03328C961DBCEC6000EF28F4 /* CHBasicViewController.m in Sources */ = {isa = PBXBuildFile; fileRef = 03328C951DBCEC6000EF28F4 /* CHBasicViewController.m */; };
		03328C991DBCECAC00EF28F4 /* CHPhotoViewController.m in Sources */ = {isa = PBXBuildFile; fileRef = 03328C981DBCECAC00EF28F4 /* CHPhotoViewController.m */; };
		037520791DB278B300CCD4DD /* UIImage+CHImage.m in Sources */ = {isa = PBXBuildFile; fileRef = 037520781DB278B300CCD4DD /* UIImage+CHImage.m */; };
		0375207C1DB27D1200CCD4DD /* CHTabBar.m in Sources */ = {isa = PBXBuildFile; fileRef = 0375207B1DB27D1200CCD4DD /* CHTabBar.m */; };
		0375207F1DB27E3E00CCD4DD /* UIView+CHFrame.m in Sources */ = {isa = PBXBuildFile; fileRef = 0375207E1DB27E3E00CCD4DD /* UIView+CHFrame.m */; };
		037520831DB39E1F00CCD4DD /* UIBarButtonItem+CHBarButtonItem.m in Sources */ = {isa = PBXBuildFile; fileRef = 037520821DB39E1F00CCD4DD /* UIBarButtonItem+CHBarButtonItem.m */; };
		0375208A1DB3A48700CCD4DD /* CHSettingTableViewController.m in Sources */ = {isa = PBXBuildFile; fileRef = 037520891DB3A48700CCD4DD /* CHSettingTableViewController.m */; };
		0375208D1DB3AB6A00CCD4DD /* CHView.m in Sources */ = {isa = PBXBuildFile; fileRef = 0375208C1DB3AB6A00CCD4DD /* CHView.m */; };
		037520901DB3E33600CCD4DD /* CHRecomandViewController.m in Sources */ = {isa = PBXBuildFile; fileRef = 0375208F1DB3E33600CCD4DD /* CHRecomandViewController.m */; };
		037520931DB46DDD00CCD4DD /* CHLoginView.m in Sources */ = {isa = PBXBuildFile; fileRef = 037520921DB46DDD00CCD4DD /* CHLoginView.m */; };
		037520951DB46DEB00CCD4DD /* CHLoginView.xib in Resources */ = {isa = PBXBuildFile; fileRef = 037520941DB46DEB00CCD4DD /* CHLoginView.xib */; };
		037520981DB474CA00CCD4DD /* CHTextFView.m in Sources */ = {isa = PBXBuildFile; fileRef = 037520971DB474CA00CCD4DD /* CHTextFView.m */; };
		0375209A1DB474D500CCD4DD /* CHTextFView.xib in Resources */ = {isa = PBXBuildFile; fileRef = 037520991DB474D500CCD4DD /* CHTextFView.xib */; };
		0375209D1DB4788100CCD4DD /* CHLoginViewController.m in Sources */ = {isa = PBXBuildFile; fileRef = 0375209C1DB4788100CCD4DD /* CHLoginViewController.m */; };
		037520A01DB47EC300CCD4DD /* CHRegistView.m in Sources */ = {isa = PBXBuildFile; fileRef = 0375209F1DB47EC300CCD4DD /* CHRegistView.m */; };
		037520A21DB47ED500CCD4DD /* CHRegistView.xib in Resources */ = {isa = PBXBuildFile; fileRef = 037520A11DB47ED500CCD4DD /* CHRegistView.xib */; };
		037520A41DB483B500CCD4DD /* login_rgister_textfield_bg.png in Resources */ = {isa = PBXBuildFile; fileRef = 037520A31DB483B500CCD4DD /* login_rgister_textfield_bg.png */; };
		037520AD1DB4C80600CCD4DD /* CHSetiingCellItem.m in Sources */ = {isa = PBXBuildFile; fileRef = 037520AC1DB4C80600CCD4DD /* CHSetiingCellItem.m */; };
		037520B01DB4F1CD00CCD4DD /* CHCollectionVCell.m in Sources */ = {isa = PBXBuildFile; fileRef = 037520AF1DB4F1CD00CCD4DD /* CHCollectionVCell.m */; };
		037520B31DB5060F00CCD4DD /* CHCollectionCellItem.m in Sources */ = {isa = PBXBuildFile; fileRef = 037520B21DB5060F00CCD4DD /* CHCollectionCellItem.m */; };
		037520C81DB6328400CCD4DD /* LaunchImage-568h@2x.png in Resources */ = {isa = PBXBuildFile; fileRef = 037520C11DB6328400CCD4DD /* LaunchImage-568h@2x.png */; };
		037520C91DB6328400CCD4DD /* LaunchImage-700-568h@2x.png in Resources */ = {isa = PBXBuildFile; fileRef = 037520C21DB6328400CCD4DD /* LaunchImage-700-568h@2x.png */; };
		037520CA1DB6328400CCD4DD /* LaunchImage-700@2x.png in Resources */ = {isa = PBXBuildFile; fileRef = 037520C31DB6328400CCD4DD /* LaunchImage-700@2x.png */; };
		037520CB1DB6328400CCD4DD /* LaunchImage-800-667h@2x.png in Resources */ = {isa = PBXBuildFile; fileRef = 037520C41DB6328400CCD4DD /* LaunchImage-800-667h@2x.png */; };
		037520CC1DB6328400CCD4DD /* LaunchImage-800-Portrait-736h@3x.png in Resources */ = {isa = PBXBuildFile; fileRef = 037520C51DB6328400CCD4DD /* LaunchImage-800-Portrait-736h@3x.png */; };
		037520CD1DB6328400CCD4DD /* LaunchImage.png in Resources */ = {isa = PBXBuildFile; fileRef = 037520C61DB6328400CCD4DD /* LaunchImage.png */; };
		037520CE1DB6328400CCD4DD /* LaunchImage@2x.png in Resources */ = {isa = PBXBuildFile; fileRef = 037520C71DB6328400CCD4DD /* LaunchImage@2x.png */; };
		037520D21DB634FC00CCD4DD /* CHADDViewController.m in Sources */ = {isa = PBXBuildFile; fileRef = 037520D01DB634FC00CCD4DD /* CHADDViewController.m */; };
		037520D31DB634FC00CCD4DD /* CHADDViewController.xib in Resources */ = {isa = PBXBuildFile; fileRef = 037520D11DB634FC00CCD4DD /* CHADDViewController.xib */; };
		037520D61DB642CD00CCD4DD /* AFHTTPSessionManager+CHHTTPSessionManager.m in Sources */ = {isa = PBXBuildFile; fileRef = 037520D51DB642CD00CCD4DD /* AFHTTPSessionManager+CHHTTPSessionManager.m */; };
		037520D91DB64B1000CCD4DD /* CHADDItem.m in Sources */ = {isa = PBXBuildFile; fileRef = 037520D81DB64B1000CCD4DD /* CHADDItem.m */; };
		03A2DAEE1DB79ED7007CA2DA /* CHLoginRegistTField.m in Sources */ = {isa = PBXBuildFile; fileRef = 03A2DAED1DB79ED7007CA2DA /* CHLoginRegistTField.m */; };
		03A2DAF21DB7A3E1007CA2DA /* CHTagTableViewController.m in Sources */ = {isa = PBXBuildFile; fileRef = 03A2DAF01DB7A3E1007CA2DA /* CHTagTableViewController.m */; };
		03A2DAF31DB7A3E1007CA2DA /* CHTagTableViewController.xib in Resources */ = {isa = PBXBuildFile; fileRef = 03A2DAF11DB7A3E1007CA2DA /* CHTagTableViewController.xib */; };
		03A2DAFC1DB7A6F2007CA2DA /* CHTagCell.m in Sources */ = {isa = PBXBuildFile; fileRef = 03A2DAFA1DB7A6F2007CA2DA /* CHTagCell.m */; };
		03A2DAFD1DB7A6F2007CA2DA /* CHTagCell.xib in Resources */ = {isa = PBXBuildFile; fileRef = 03A2DAFB1DB7A6F2007CA2DA /* CHTagCell.xib */; };
		03A2DB001DB7AB24007CA2DA /* CHTools.m in Sources */ = {isa = PBXBuildFile; fileRef = 03A2DAFF1DB7AB24007CA2DA /* CHTools.m */; };
		03A2DB031DB7CF34007CA2DA /* CHTagItem.m in Sources */ = {isa = PBXBuildFile; fileRef = 03A2DB021DB7CF34007CA2DA /* CHTagItem.m */; };
		03A2DB061DB7DA4E007CA2DA /* CHNavigationBar.m in Sources */ = {isa = PBXBuildFile; fileRef = 03A2DB051DB7DA4E007CA2DA /* CHNavigationBar.m */; };
		03A2DB091DB866C1007CA2DA /* CHNavigationController.m in Sources */ = {isa = PBXBuildFile; fileRef = 03A2DB081DB866C1007CA2DA /* CHNavigationController.m */; };
		03A2DB0C1DB8728A007CA2DA /* CHBackView.m in Sources */ = {isa = PBXBuildFile; fileRef = 03A2DB0B1DB8728A007CA2DA /* CHBackView.m */; };
		03E57D6C1DBF71340035F245 /* CHAllItem.m in Sources */ = {isa = PBXBuildFile; fileRef = 03E57D6B1DBF71340035F245 /* CHAllItem.m */; };
		03E57D6F1DBF73C70035F245 /* CHTopicBasicView.m in Sources */ = {isa = PBXBuildFile; fileRef = 03E57D6E1DBF73C70035F245 /* CHTopicBasicView.m */; };
		03E57D721DBF74D30035F245 /* CHAllTopicTopView.m in Sources */ = {isa = PBXBuildFile; fileRef = 03E57D711DBF74D30035F245 /* CHAllTopicTopView.m */; };
		03E57D741DBF74DF0035F245 /* CHAllTopicTopView.xib in Resources */ = {isa = PBXBuildFile; fileRef = 03E57D731DBF74DF0035F245 /* CHAllTopicTopView.xib */; };
		03E57D771DBF7B1A0035F245 /* CHAllVCCell.m in Sources */ = {isa = PBXBuildFile; fileRef = 03E57D761DBF7B1A0035F245 /* CHAllVCCell.m */; };
		03E57D7A1DBF7EA70035F245 /* CHEssenceViewItem.m in Sources */ = {isa = PBXBuildFile; fileRef = 03E57D791DBF7EA70035F245 /* CHEssenceViewItem.m */; };
		03E57D7D1DBF87E00035F245 /* CHPhotoTopicView.m in Sources */ = {isa = PBXBuildFile; fileRef = 03E57D7C1DBF87E00035F245 /* CHPhotoTopicView.m */; };
		03E57D7F1DBF87EF0035F245 /* CHPhotoTopicView.xib in Resources */ = {isa = PBXBuildFile; fileRef = 03E57D7E1DBF87EF0035F245 /* CHPhotoTopicView.xib */; };
		03E57D821DBFB7730035F245 /* CHVoiceTopicView.m in Sources */ = {isa = PBXBuildFile; fileRef = 03E57D811DBFB7730035F245 /* CHVoiceTopicView.m */; };
		03E57D841DBFB77E0035F245 /* CHVoiceTopicView.xib in Resources */ = {isa = PBXBuildFile; fileRef = 03E57D831DBFB77E0035F245 /* CHVoiceTopicView.xib */; };
		03E57D871DBFBE9F0035F245 /* CHVideoTopicView.m in Sources */ = {isa = PBXBuildFile; fileRef = 03E57D861DBFBE9F0035F245 /* CHVideoTopicView.m */; };
		03E57D891DBFBEB10035F245 /* CHVideoTopicView.xib in Resources */ = {isa = PBXBuildFile; fileRef = 03E57D881DBFBEB10035F245 /* CHVideoTopicView.xib */; };
		03E57D8C1DC0BFEA0035F245 /* CHTopCommtentView.m in Sources */ = {isa = PBXBuildFile; fileRef = 03E57D8B1DC0BFEA0035F245 /* CHTopCommtentView.m */; };
		03E57D8E1DC0BFF90035F245 /* CHTopCommtentView.xib in Resources */ = {isa = PBXBuildFile; fileRef = 03E57D8D1DC0BFF90035F245 /* CHTopCommtentView.xib */; };
		03E57D911DC0C7150035F245 /* CHTopCommentItem.m in Sources */ = {isa = PBXBuildFile; fileRef = 03E57D901DC0C7150035F245 /* CHTopCommentItem.m */; };
		03E57D941DC0C94D0035F245 /* CHUserMessageItem.m in Sources */ = {isa = PBXBuildFile; fileRef = 03E57D931DC0C94D0035F245 /* CHUserMessageItem.m */; };
		03E57D971DC0DAD10035F245 /* CHBottomView.m in Sources */ = {isa = PBXBuildFile; fileRef = 03E57D961DC0DAD10035F245 /* CHBottomView.m */; };
		03E57D991DC0DAE20035F245 /* CHBottomView.xib in Resources */ = {isa = PBXBuildFile; fileRef = 03E57D981DC0DAE20035F245 /* CHBottomView.xib */; };
		03E57D9C1DC0FD0F0035F245 /* NSDate+CHFormatter.m in Sources */ = {isa = PBXBuildFile; fileRef = 03E57D9B1DC0FD0F0035F245 /* NSDate+CHFormatter.m */; };
		03E57DA01DC18B2C0035F245 /* CHBigPhotoViewController.m in Sources */ = {isa = PBXBuildFile; fileRef = 03E57D9E1DC18B2C0035F245 /* CHBigPhotoViewController.m */; };
		03E57DA11DC18B2C0035F245 /* CHBigPhotoViewController.xib in Resources */ = {isa = PBXBuildFile; fileRef = 03E57D9F1DC18B2C0035F245 /* CHBigPhotoViewController.xib */; };
		03E57DA41DC1AD680035F245 /* CHDrawView.m in Sources */ = {isa = PBXBuildFile; fileRef = 03E57DA31DC1AD680035F245 /* CHDrawView.m */; };
		03F886CD1DB25C2E003E2778 /* main.m in Sources */ = {isa = PBXBuildFile; fileRef = 03F886CC1DB25C2E003E2778 /* main.m */; };
		03F886D81DB25C2E003E2778 /* Assets.xcassets in Resources */ = {isa = PBXBuildFile; fileRef = 03F886D71DB25C2E003E2778 /* Assets.xcassets */; };
		03F886DB1DB25C2E003E2778 /* LaunchScreen.storyboard in Resources */ = {isa = PBXBuildFile; fileRef = 03F886D91DB25C2E003E2778 /* LaunchScreen.storyboard */; };
		03F886FC1DB25EC7003E2778 /* AppDelegate.m in Sources */ = {isa = PBXBuildFile; fileRef = 03F886E51DB25EC7003E2778 /* AppDelegate.m */; };
		03F886FF1DB26680003E2778 /* CHTabBarController.m in Sources */ = {isa = PBXBuildFile; fileRef = 03F886FE1DB26680003E2778 /* CHTabBarController.m */; };
		03F887031DB266AE003E2778 /* CHEssenceViewController.m in Sources */ = {isa = PBXBuildFile; fileRef = 03F887011DB266AE003E2778 /* CHEssenceViewController.m */; };
		03F887041DB266AE003E2778 /* CHEssenceViewController.xib in Resources */ = {isa = PBXBuildFile; fileRef = 03F887021DB266AE003E2778 /* CHEssenceViewController.xib */; };
		03F887081DB266C9003E2778 /* CHMineViewController.m in Sources */ = {isa = PBXBuildFile; fileRef = 03F887061DB266C9003E2778 /* CHMineViewController.m */; };
		03F8870D1DB266E1003E2778 /* CHNewViewController.m in Sources */ = {isa = PBXBuildFile; fileRef = 03F8870B1DB266E1003E2778 /* CHNewViewController.m */; };
		03F8870E1DB266E1003E2778 /* CHNewViewController.xib in Resources */ = {isa = PBXBuildFile; fileRef = 03F8870C1DB266E1003E2778 /* CHNewViewController.xib */; };
		03F887121DB26713003E2778 /* CHPublishViewController.m in Sources */ = {isa = PBXBuildFile; fileRef = 03F887101DB26713003E2778 /* CHPublishViewController.m */; };
		03F887131DB26713003E2778 /* CHPublishViewController.xib in Resources */ = {isa = PBXBuildFile; fileRef = 03F887111DB26713003E2778 /* CHPublishViewController.xib */; };
		03F8871B1DB2685B003E2778 /* CHFriendTrendViewController.m in Sources */ = {isa = PBXBuildFile; fileRef = 03F887191DB2685B003E2778 /* CHFriendTrendViewController.m */; };
		03F8871C1DB2685B003E2778 /* CHFriendTrendViewController.xib in Resources */ = {isa = PBXBuildFile; fileRef = 03F8871A1DB2685B003E2778 /* CHFriendTrendViewController.xib */; };
		0EB358B3B70842100F4183F1 /* libPods-BUDEJIE19.a in Frameworks */ = {isa = PBXBuildFile; fileRef = 1DEB9B8EA069F238C9B78449 /* libPods-BUDEJIE19.a */; };
/* End PBXBuildFile section */

/* Begin PBXFileReference section */
		03328C791DBB502000EF28F4 /* CHButton.h */ = {isa = PBXFileReference; fileEncoding = 4; lastKnownFileType = sourcecode.c.h; path = CHButton.h; sourceTree = "<group>"; };
		03328C7A1DBB502000EF28F4 /* CHButton.m */ = {isa = PBXFileReference; fileEncoding = 4; lastKnownFileType = sourcecode.c.objc; path = CHButton.m; sourceTree = "<group>"; };
		03328C7C1DBB8C9000EF28F4 /* CHWebController.h */ = {isa = PBXFileReference; fileEncoding = 4; lastKnownFileType = sourcecode.c.h; path = CHWebController.h; sourceTree = "<group>"; };
		03328C7D1DBB8C9000EF28F4 /* CHWebController.m */ = {isa = PBXFileReference; fileEncoding = 4; lastKnownFileType = sourcecode.c.objc; path = CHWebController.m; sourceTree = "<group>"; };
		03328C7E1DBB8C9000EF28F4 /* CHWebController.xib */ = {isa = PBXFileReference; fileEncoding = 4; lastKnownFileType = file.xib; path = CHWebController.xib; sourceTree = "<group>"; };
		03328C811DBB909C00EF28F4 /* WebKit.framework */ = {isa = PBXFileReference; lastKnownFileType = wrapper.framework; name = WebKit.framework; path = System/Library/Frameworks/WebKit.framework; sourceTree = SDKROOT; };
		03328C841DBCCD6900EF28F4 /* CHFileManager.h */ = {isa = PBXFileReference; fileEncoding = 4; lastKnownFileType = sourcecode.c.h; path = CHFileManager.h; sourceTree = "<group>"; };
		03328C851DBCCD6900EF28F4 /* CHFileManager.m */ = {isa = PBXFileReference; fileEncoding = 4; lastKnownFileType = sourcecode.c.objc; path = CHFileManager.m; sourceTree = "<group>"; };
		03328C881DBCEBC900EF28F4 /* CHMainViewController.h */ = {isa = PBXFileReference; fileEncoding = 4; lastKnownFileType = sourcecode.c.h; path = CHMainViewController.h; sourceTree = "<group>"; };
		03328C891DBCEBC900EF28F4 /* CHMainViewController.m */ = {isa = PBXFileReference; fileEncoding = 4; lastKnownFileType = sourcecode.c.objc; path = CHMainViewController.m; sourceTree = "<group>"; };
		03328C8B1DBCEBE200EF28F4 /* CHVideoViewController.h */ = {isa = PBXFileReference; fileEncoding = 4; lastKnownFileType = sourcecode.c.h; path = CHVideoViewController.h; sourceTree = "<group>"; };
		03328C8C1DBCEBE200EF28F4 /* CHVideoViewController.m */ = {isa = PBXFileReference; fileEncoding = 4; lastKnownFileType = sourcecode.c.objc; path = CHVideoViewController.m; sourceTree = "<group>"; };
		03328C8E1DBCEBFF00EF28F4 /* CHVoiceViewController.h */ = {isa = PBXFileReference; fileEncoding = 4; lastKnownFileType = sourcecode.c.h; path = CHVoiceViewController.h; sourceTree = "<group>"; };
		03328C8F1DBCEBFF00EF28F4 /* CHVoiceViewController.m */ = {isa = PBXFileReference; fileEncoding = 4; lastKnownFileType = sourcecode.c.objc; path = CHVoiceViewController.m; sourceTree = "<group>"; };
		03328C911DBCEC0E00EF28F4 /* CHTextViewController.h */ = {isa = PBXFileReference; fileEncoding = 4; lastKnownFileType = sourcecode.c.h; path = CHTextViewController.h; sourceTree = "<group>"; };
		03328C921DBCEC0E00EF28F4 /* CHTextViewController.m */ = {isa = PBXFileReference; fileEncoding = 4; lastKnownFileType = sourcecode.c.objc; path = CHTextViewController.m; sourceTree = "<group>"; };
		03328C941DBCEC6000EF28F4 /* CHBasicViewController.h */ = {isa = PBXFileReference; fileEncoding = 4; lastKnownFileType = sourcecode.c.h; path = CHBasicViewController.h; sourceTree = "<group>"; };
		03328C951DBCEC6000EF28F4 /* CHBasicViewController.m */ = {isa = PBXFileReference; fileEncoding = 4; lastKnownFileType = sourcecode.c.objc; path = CHBasicViewController.m; sourceTree = "<group>"; };
		03328C971DBCECAC00EF28F4 /* CHPhotoViewController.h */ = {isa = PBXFileReference; fileEncoding = 4; lastKnownFileType = sourcecode.c.h; path = CHPhotoViewController.h; sourceTree = "<group>"; };
		03328C981DBCECAC00EF28F4 /* CHPhotoViewController.m */ = {isa = PBXFileReference; fileEncoding = 4; lastKnownFileType = sourcecode.c.objc; path = CHPhotoViewController.m; sourceTree = "<group>"; };
		037520771DB278B300CCD4DD /* UIImage+CHImage.h */ = {isa = PBXFileReference; fileEncoding = 4; lastKnownFileType = sourcecode.c.h; path = "UIImage+CHImage.h"; sourceTree = "<group>"; };
		037520781DB278B300CCD4DD /* UIImage+CHImage.m */ = {isa = PBXFileReference; fileEncoding = 4; lastKnownFileType = sourcecode.c.objc; path = "UIImage+CHImage.m"; sourceTree = "<group>"; };
		0375207A1DB27D1200CCD4DD /* CHTabBar.h */ = {isa = PBXFileReference; fileEncoding = 4; lastKnownFileType = sourcecode.c.h; name = CHTabBar.h; path = ../Controller/CHTabBar.h; sourceTree = "<group>"; };
		0375207B1DB27D1200CCD4DD /* CHTabBar.m */ = {isa = PBXFileReference; fileEncoding = 4; lastKnownFileType = sourcecode.c.objc; name = CHTabBar.m; path = ../Controller/CHTabBar.m; sourceTree = "<group>"; };
		0375207D1DB27E3E00CCD4DD /* UIView+CHFrame.h */ = {isa = PBXFileReference; fileEncoding = 4; lastKnownFileType = sourcecode.c.h; path = "UIView+CHFrame.h"; sourceTree = "<group>"; };
		0375207E1DB27E3E00CCD4DD /* UIView+CHFrame.m */ = {isa = PBXFileReference; fileEncoding = 4; lastKnownFileType = sourcecode.c.objc; path = "UIView+CHFrame.m"; sourceTree = "<group>"; };
		037520801DB27E5800CCD4DD /* PrefixHeader.pch */ = {isa = PBXFileReference; lastKnownFileType = sourcecode.c.h; path = PrefixHeader.pch; sourceTree = "<group>"; };
		037520811DB39E1F00CCD4DD /* UIBarButtonItem+CHBarButtonItem.h */ = {isa = PBXFileReference; fileEncoding = 4; lastKnownFileType = sourcecode.c.h; path = "UIBarButtonItem+CHBarButtonItem.h"; sourceTree = "<group>"; };
		037520821DB39E1F00CCD4DD /* UIBarButtonItem+CHBarButtonItem.m */ = {isa = PBXFileReference; fileEncoding = 4; lastKnownFileType = sourcecode.c.objc; path = "UIBarButtonItem+CHBarButtonItem.m"; sourceTree = "<group>"; };
		037520881DB3A48700CCD4DD /* CHSettingTableViewController.h */ = {isa = PBXFileReference; fileEncoding = 4; lastKnownFileType = sourcecode.c.h; path = CHSettingTableViewController.h; sourceTree = "<group>"; };
		037520891DB3A48700CCD4DD /* CHSettingTableViewController.m */ = {isa = PBXFileReference; fileEncoding = 4; lastKnownFileType = sourcecode.c.objc; path = CHSettingTableViewController.m; sourceTree = "<group>"; };
		0375208B1DB3AB6A00CCD4DD /* CHView.h */ = {isa = PBXFileReference; fileEncoding = 4; lastKnownFileType = sourcecode.c.h; path = CHView.h; sourceTree = "<group>"; };
		0375208C1DB3AB6A00CCD4DD /* CHView.m */ = {isa = PBXFileReference; fileEncoding = 4; lastKnownFileType = sourcecode.c.objc; path = CHView.m; sourceTree = "<group>"; };
		0375208E1DB3E33600CCD4DD /* CHRecomandViewController.h */ = {isa = PBXFileReference; fileEncoding = 4; lastKnownFileType = sourcecode.c.h; path = CHRecomandViewController.h; sourceTree = "<group>"; };
		0375208F1DB3E33600CCD4DD /* CHRecomandViewController.m */ = {isa = PBXFileReference; fileEncoding = 4; lastKnownFileType = sourcecode.c.objc; path = CHRecomandViewController.m; sourceTree = "<group>"; };
		037520911DB46DDD00CCD4DD /* CHLoginView.h */ = {isa = PBXFileReference; fileEncoding = 4; lastKnownFileType = sourcecode.c.h; path = CHLoginView.h; sourceTree = "<group>"; };
		037520921DB46DDD00CCD4DD /* CHLoginView.m */ = {isa = PBXFileReference; fileEncoding = 4; lastKnownFileType = sourcecode.c.objc; path = CHLoginView.m; sourceTree = "<group>"; };
		037520941DB46DEB00CCD4DD /* CHLoginView.xib */ = {isa = PBXFileReference; fileEncoding = 4; lastKnownFileType = file.xib; path = CHLoginView.xib; sourceTree = "<group>"; };
		037520961DB474CA00CCD4DD /* CHTextFView.h */ = {isa = PBXFileReference; fileEncoding = 4; lastKnownFileType = sourcecode.c.h; path = CHTextFView.h; sourceTree = "<group>"; };
		037520971DB474CA00CCD4DD /* CHTextFView.m */ = {isa = PBXFileReference; fileEncoding = 4; lastKnownFileType = sourcecode.c.objc; path = CHTextFView.m; sourceTree = "<group>"; };
		037520991DB474D500CCD4DD /* CHTextFView.xib */ = {isa = PBXFileReference; fileEncoding = 4; lastKnownFileType = file.xib; path = CHTextFView.xib; sourceTree = "<group>"; };
		0375209B1DB4788100CCD4DD /* CHLoginViewController.h */ = {isa = PBXFileReference; fileEncoding = 4; lastKnownFileType = sourcecode.c.h; path = CHLoginViewController.h; sourceTree = "<group>"; };
		0375209C1DB4788100CCD4DD /* CHLoginViewController.m */ = {isa = PBXFileReference; fileEncoding = 4; lastKnownFileType = sourcecode.c.objc; path = CHLoginViewController.m; sourceTree = "<group>"; };
		0375209E1DB47EC300CCD4DD /* CHRegistView.h */ = {isa = PBXFileReference; fileEncoding = 4; lastKnownFileType = sourcecode.c.h; path = CHRegistView.h; sourceTree = "<group>"; };
		0375209F1DB47EC300CCD4DD /* CHRegistView.m */ = {isa = PBXFileReference; fileEncoding = 4; lastKnownFileType = sourcecode.c.objc; path = CHRegistView.m; sourceTree = "<group>"; };
		037520A11DB47ED500CCD4DD /* CHRegistView.xib */ = {isa = PBXFileReference; fileEncoding = 4; lastKnownFileType = file.xib; path = CHRegistView.xib; sourceTree = "<group>"; };
		037520A31DB483B500CCD4DD /* login_rgister_textfield_bg.png */ = {isa = PBXFileReference; lastKnownFileType = image.png; path = login_rgister_textfield_bg.png; sourceTree = "<group>"; };
		037520AB1DB4C80600CCD4DD /* CHSetiingCellItem.h */ = {isa = PBXFileReference; fileEncoding = 4; lastKnownFileType = sourcecode.c.h; path = CHSetiingCellItem.h; sourceTree = "<group>"; };
		037520AC1DB4C80600CCD4DD /* CHSetiingCellItem.m */ = {isa = PBXFileReference; fileEncoding = 4; lastKnownFileType = sourcecode.c.objc; path = CHSetiingCellItem.m; sourceTree = "<group>"; };
		037520AE1DB4F1CD00CCD4DD /* CHCollectionVCell.h */ = {isa = PBXFileReference; fileEncoding = 4; lastKnownFileType = sourcecode.c.h; path = CHCollectionVCell.h; sourceTree = "<group>"; };
		037520AF1DB4F1CD00CCD4DD /* CHCollectionVCell.m */ = {isa = PBXFileReference; fileEncoding = 4; lastKnownFileType = sourcecode.c.objc; path = CHCollectionVCell.m; sourceTree = "<group>"; };
		037520B11DB5060F00CCD4DD /* CHCollectionCellItem.h */ = {isa = PBXFileReference; fileEncoding = 4; lastKnownFileType = sourcecode.c.h; path = CHCollectionCellItem.h; sourceTree = "<group>"; };
		037520B21DB5060F00CCD4DD /* CHCollectionCellItem.m */ = {isa = PBXFileReference; fileEncoding = 4; lastKnownFileType = sourcecode.c.objc; path = CHCollectionCellItem.m; sourceTree = "<group>"; };
		037520C11DB6328400CCD4DD /* LaunchImage-568h@2x.png */ = {isa = PBXFileReference; lastKnownFileType = image.png; path = "LaunchImage-568h@2x.png"; sourceTree = "<group>"; };
		037520C21DB6328400CCD4DD /* LaunchImage-700-568h@2x.png */ = {isa = PBXFileReference; lastKnownFileType = image.png; path = "LaunchImage-700-568h@2x.png"; sourceTree = "<group>"; };
		037520C31DB6328400CCD4DD /* LaunchImage-700@2x.png */ = {isa = PBXFileReference; lastKnownFileType = image.png; path = "LaunchImage-700@2x.png"; sourceTree = "<group>"; };
		037520C41DB6328400CCD4DD /* LaunchImage-800-667h@2x.png */ = {isa = PBXFileReference; lastKnownFileType = image.png; path = "LaunchImage-800-667h@2x.png"; sourceTree = "<group>"; };
		037520C51DB6328400CCD4DD /* LaunchImage-800-Portrait-736h@3x.png */ = {isa = PBXFileReference; lastKnownFileType = image.png; path = "LaunchImage-800-Portrait-736h@3x.png"; sourceTree = "<group>"; };
		037520C61DB6328400CCD4DD /* LaunchImage.png */ = {isa = PBXFileReference; lastKnownFileType = image.png; path = LaunchImage.png; sourceTree = "<group>"; };
		037520C71DB6328400CCD4DD /* LaunchImage@2x.png */ = {isa = PBXFileReference; lastKnownFileType = image.png; path = "LaunchImage@2x.png"; sourceTree = "<group>"; };
		037520CF1DB634FC00CCD4DD /* CHADDViewController.h */ = {isa = PBXFileReference; fileEncoding = 4; lastKnownFileType = sourcecode.c.h; path = CHADDViewController.h; sourceTree = "<group>"; };
		037520D01DB634FC00CCD4DD /* CHADDViewController.m */ = {isa = PBXFileReference; fileEncoding = 4; lastKnownFileType = sourcecode.c.objc; path = CHADDViewController.m; sourceTree = "<group>"; };
		037520D11DB634FC00CCD4DD /* CHADDViewController.xib */ = {isa = PBXFileReference; fileEncoding = 4; lastKnownFileType = file.xib; path = CHADDViewController.xib; sourceTree = "<group>"; };
		037520D41DB642CD00CCD4DD /* AFHTTPSessionManager+CHHTTPSessionManager.h */ = {isa = PBXFileReference; fileEncoding = 4; lastKnownFileType = sourcecode.c.h; name = "AFHTTPSessionManager+CHHTTPSessionManager.h"; path = "BUDEJIE19/Classes/Other/Category/AFHTTPSessionManager+CHHTTPSessionManager.h"; sourceTree = SOURCE_ROOT; };
		037520D51DB642CD00CCD4DD /* AFHTTPSessionManager+CHHTTPSessionManager.m */ = {isa = PBXFileReference; fileEncoding = 4; lastKnownFileType = sourcecode.c.objc; name = "AFHTTPSessionManager+CHHTTPSessionManager.m"; path = "BUDEJIE19/Classes/Other/Category/AFHTTPSessionManager+CHHTTPSessionManager.m"; sourceTree = SOURCE_ROOT; };
		037520D71DB64B1000CCD4DD /* CHADDItem.h */ = {isa = PBXFileReference; fileEncoding = 4; lastKnownFileType = sourcecode.c.h; path = CHADDItem.h; sourceTree = "<group>"; };
		037520D81DB64B1000CCD4DD /* CHADDItem.m */ = {isa = PBXFileReference; fileEncoding = 4; lastKnownFileType = sourcecode.c.objc; path = CHADDItem.m; sourceTree = "<group>"; };
		03A2DAEC1DB79ED7007CA2DA /* CHLoginRegistTField.h */ = {isa = PBXFileReference; fileEncoding = 4; lastKnownFileType = sourcecode.c.h; path = CHLoginRegistTField.h; sourceTree = "<group>"; };
		03A2DAED1DB79ED7007CA2DA /* CHLoginRegistTField.m */ = {isa = PBXFileReference; fileEncoding = 4; lastKnownFileType = sourcecode.c.objc; path = CHLoginRegistTField.m; sourceTree = "<group>"; };
		03A2DAEF1DB7A3E1007CA2DA /* CHTagTableViewController.h */ = {isa = PBXFileReference; fileEncoding = 4; lastKnownFileType = sourcecode.c.h; path = CHTagTableViewController.h; sourceTree = "<group>"; };
		03A2DAF01DB7A3E1007CA2DA /* CHTagTableViewController.m */ = {isa = PBXFileReference; fileEncoding = 4; lastKnownFileType = sourcecode.c.objc; path = CHTagTableViewController.m; sourceTree = "<group>"; };
		03A2DAF11DB7A3E1007CA2DA /* CHTagTableViewController.xib */ = {isa = PBXFileReference; fileEncoding = 4; lastKnownFileType = file.xib; path = CHTagTableViewController.xib; sourceTree = "<group>"; };
		03A2DAF91DB7A6F2007CA2DA /* CHTagCell.h */ = {isa = PBXFileReference; fileEncoding = 4; lastKnownFileType = sourcecode.c.h; path = CHTagCell.h; sourceTree = "<group>"; };
		03A2DAFA1DB7A6F2007CA2DA /* CHTagCell.m */ = {isa = PBXFileReference; fileEncoding = 4; lastKnownFileType = sourcecode.c.objc; path = CHTagCell.m; sourceTree = "<group>"; };
		03A2DAFB1DB7A6F2007CA2DA /* CHTagCell.xib */ = {isa = PBXFileReference; fileEncoding = 4; lastKnownFileType = file.xib; path = CHTagCell.xib; sourceTree = "<group>"; };
		03A2DAFE1DB7AB24007CA2DA /* CHTools.h */ = {isa = PBXFileReference; fileEncoding = 4; lastKnownFileType = sourcecode.c.h; name = CHTools.h; path = ../CHTools.h; sourceTree = "<group>"; };
		03A2DAFF1DB7AB24007CA2DA /* CHTools.m */ = {isa = PBXFileReference; fileEncoding = 4; lastKnownFileType = sourcecode.c.objc; name = CHTools.m; path = ../CHTools.m; sourceTree = "<group>"; };
		03A2DB011DB7CF34007CA2DA /* CHTagItem.h */ = {isa = PBXFileReference; fileEncoding = 4; lastKnownFileType = sourcecode.c.h; path = CHTagItem.h; sourceTree = "<group>"; };
		03A2DB021DB7CF34007CA2DA /* CHTagItem.m */ = {isa = PBXFileReference; fileEncoding = 4; lastKnownFileType = sourcecode.c.objc; path = CHTagItem.m; sourceTree = "<group>"; };
		03A2DB041DB7DA4E007CA2DA /* CHNavigationBar.h */ = {isa = PBXFileReference; fileEncoding = 4; lastKnownFileType = sourcecode.c.h; path = CHNavigationBar.h; sourceTree = "<group>"; };
		03A2DB051DB7DA4E007CA2DA /* CHNavigationBar.m */ = {isa = PBXFileReference; fileEncoding = 4; lastKnownFileType = sourcecode.c.objc; path = CHNavigationBar.m; sourceTree = "<group>"; };
		03A2DB071DB866C1007CA2DA /* CHNavigationController.h */ = {isa = PBXFileReference; fileEncoding = 4; lastKnownFileType = sourcecode.c.h; path = CHNavigationController.h; sourceTree = "<group>"; };
		03A2DB081DB866C1007CA2DA /* CHNavigationController.m */ = {isa = PBXFileReference; fileEncoding = 4; lastKnownFileType = sourcecode.c.objc; path = CHNavigationController.m; sourceTree = "<group>"; };
		03A2DB0A1DB8728A007CA2DA /* CHBackView.h */ = {isa = PBXFileReference; fileEncoding = 4; lastKnownFileType = sourcecode.c.h; path = CHBackView.h; sourceTree = "<group>"; };
		03A2DB0B1DB8728A007CA2DA /* CHBackView.m */ = {isa = PBXFileReference; fileEncoding = 4; lastKnownFileType = sourcecode.c.objc; path = CHBackView.m; sourceTree = "<group>"; };
		03E57D6A1DBF71340035F245 /* CHAllItem.h */ = {isa = PBXFileReference; fileEncoding = 4; lastKnownFileType = sourcecode.c.h; path = CHAllItem.h; sourceTree = "<group>"; };
		03E57D6B1DBF71340035F245 /* CHAllItem.m */ = {isa = PBXFileReference; fileEncoding = 4; lastKnownFileType = sourcecode.c.objc; path = CHAllItem.m; sourceTree = "<group>"; };
		03E57D6D1DBF73C70035F245 /* CHTopicBasicView.h */ = {isa = PBXFileReference; fileEncoding = 4; lastKnownFileType = sourcecode.c.h; path = CHTopicBasicView.h; sourceTree = "<group>"; };
		03E57D6E1DBF73C70035F245 /* CHTopicBasicView.m */ = {isa = PBXFileReference; fileEncoding = 4; lastKnownFileType = sourcecode.c.objc; path = CHTopicBasicView.m; sourceTree = "<group>"; };
		03E57D701DBF74D30035F245 /* CHAllTopicTopView.h */ = {isa = PBXFileReference; fileEncoding = 4; lastKnownFileType = sourcecode.c.h; path = CHAllTopicTopView.h; sourceTree = "<group>"; };
		03E57D711DBF74D30035F245 /* CHAllTopicTopView.m */ = {isa = PBXFileReference; fileEncoding = 4; lastKnownFileType = sourcecode.c.objc; path = CHAllTopicTopView.m; sourceTree = "<group>"; };
		03E57D731DBF74DF0035F245 /* CHAllTopicTopView.xib */ = {isa = PBXFileReference; fileEncoding = 4; lastKnownFileType = file.xib; path = CHAllTopicTopView.xib; sourceTree = "<group>"; };
		03E57D751DBF7B1A0035F245 /* CHAllVCCell.h */ = {isa = PBXFileReference; fileEncoding = 4; lastKnownFileType = sourcecode.c.h; path = CHAllVCCell.h; sourceTree = "<group>"; };
		03E57D761DBF7B1A0035F245 /* CHAllVCCell.m */ = {isa = PBXFileReference; fileEncoding = 4; lastKnownFileType = sourcecode.c.objc; path = CHAllVCCell.m; sourceTree = "<group>"; };
		03E57D781DBF7EA60035F245 /* CHEssenceViewItem.h */ = {isa = PBXFileReference; fileEncoding = 4; lastKnownFileType = sourcecode.c.h; path = CHEssenceViewItem.h; sourceTree = "<group>"; };
		03E57D791DBF7EA70035F245 /* CHEssenceViewItem.m */ = {isa = PBXFileReference; fileEncoding = 4; lastKnownFileType = sourcecode.c.objc; path = CHEssenceViewItem.m; sourceTree = "<group>"; };
		03E57D7B1DBF87E00035F245 /* CHPhotoTopicView.h */ = {isa = PBXFileReference; fileEncoding = 4; lastKnownFileType = sourcecode.c.h; path = CHPhotoTopicView.h; sourceTree = "<group>"; };
		03E57D7C1DBF87E00035F245 /* CHPhotoTopicView.m */ = {isa = PBXFileReference; fileEncoding = 4; lastKnownFileType = sourcecode.c.objc; path = CHPhotoTopicView.m; sourceTree = "<group>"; };
		03E57D7E1DBF87EF0035F245 /* CHPhotoTopicView.xib */ = {isa = PBXFileReference; fileEncoding = 4; lastKnownFileType = file.xib; path = CHPhotoTopicView.xib; sourceTree = "<group>"; };
		03E57D801DBFB7730035F245 /* CHVoiceTopicView.h */ = {isa = PBXFileReference; fileEncoding = 4; lastKnownFileType = sourcecode.c.h; path = CHVoiceTopicView.h; sourceTree = "<group>"; };
		03E57D811DBFB7730035F245 /* CHVoiceTopicView.m */ = {isa = PBXFileReference; fileEncoding = 4; lastKnownFileType = sourcecode.c.objc; path = CHVoiceTopicView.m; sourceTree = "<group>"; };
		03E57D831DBFB77E0035F245 /* CHVoiceTopicView.xib */ = {isa = PBXFileReference; fileEncoding = 4; lastKnownFileType = file.xib; path = CHVoiceTopicView.xib; sourceTree = "<group>"; };
		03E57D851DBFBE9F0035F245 /* CHVideoTopicView.h */ = {isa = PBXFileReference; fileEncoding = 4; lastKnownFileType = sourcecode.c.h; path = CHVideoTopicView.h; sourceTree = "<group>"; };
		03E57D861DBFBE9F0035F245 /* CHVideoTopicView.m */ = {isa = PBXFileReference; fileEncoding = 4; lastKnownFileType = sourcecode.c.objc; path = CHVideoTopicView.m; sourceTree = "<group>"; };
		03E57D881DBFBEB10035F245 /* CHVideoTopicView.xib */ = {isa = PBXFileReference; fileEncoding = 4; lastKnownFileType = file.xib; path = CHVideoTopicView.xib; sourceTree = "<group>"; };
		03E57D8A1DC0BFEA0035F245 /* CHTopCommtentView.h */ = {isa = PBXFileReference; fileEncoding = 4; lastKnownFileType = sourcecode.c.h; path = CHTopCommtentView.h; sourceTree = "<group>"; };
		03E57D8B1DC0BFEA0035F245 /* CHTopCommtentView.m */ = {isa = PBXFileReference; fileEncoding = 4; lastKnownFileType = sourcecode.c.objc; path = CHTopCommtentView.m; sourceTree = "<group>"; };
		03E57D8D1DC0BFF90035F245 /* CHTopCommtentView.xib */ = {isa = PBXFileReference; fileEncoding = 4; lastKnownFileType = file.xib; path = CHTopCommtentView.xib; sourceTree = "<group>"; };
		03E57D8F1DC0C7150035F245 /* CHTopCommentItem.h */ = {isa = PBXFileReference; fileEncoding = 4; lastKnownFileType = sourcecode.c.h; path = CHTopCommentItem.h; sourceTree = "<group>"; };
		03E57D901DC0C7150035F245 /* CHTopCommentItem.m */ = {isa = PBXFileReference; fileEncoding = 4; lastKnownFileType = sourcecode.c.objc; path = CHTopCommentItem.m; sourceTree = "<group>"; };
		03E57D921DC0C94D0035F245 /* CHUserMessageItem.h */ = {isa = PBXFileReference; fileEncoding = 4; lastKnownFileType = sourcecode.c.h; path = CHUserMessageItem.h; sourceTree = "<group>"; };
		03E57D931DC0C94D0035F245 /* CHUserMessageItem.m */ = {isa = PBXFileReference; fileEncoding = 4; lastKnownFileType = sourcecode.c.objc; path = CHUserMessageItem.m; sourceTree = "<group>"; };
		03E57D951DC0DAD10035F245 /* CHBottomView.h */ = {isa = PBXFileReference; fileEncoding = 4; lastKnownFileType = sourcecode.c.h; path = CHBottomView.h; sourceTree = "<group>"; };
		03E57D961DC0DAD10035F245 /* CHBottomView.m */ = {isa = PBXFileReference; fileEncoding = 4; lastKnownFileType = sourcecode.c.objc; path = CHBottomView.m; sourceTree = "<group>"; };
		03E57D981DC0DAE20035F245 /* CHBottomView.xib */ = {isa = PBXFileReference; fileEncoding = 4; lastKnownFileType = file.xib; path = CHBottomView.xib; sourceTree = "<group>"; };
		03E57D9A1DC0FD0F0035F245 /* NSDate+CHFormatter.h */ = {isa = PBXFileReference; fileEncoding = 4; lastKnownFileType = sourcecode.c.h; path = "NSDate+CHFormatter.h"; sourceTree = "<group>"; };
		03E57D9B1DC0FD0F0035F245 /* NSDate+CHFormatter.m */ = {isa = PBXFileReference; fileEncoding = 4; lastKnownFileType = sourcecode.c.objc; path = "NSDate+CHFormatter.m"; sourceTree = "<group>"; };
		03E57D9D1DC18B2C0035F245 /* CHBigPhotoViewController.h */ = {isa = PBXFileReference; fileEncoding = 4; lastKnownFileType = sourcecode.c.h; path = CHBigPhotoViewController.h; sourceTree = "<group>"; };
		03E57D9E1DC18B2C0035F245 /* CHBigPhotoViewController.m */ = {isa = PBXFileReference; fileEncoding = 4; lastKnownFileType = sourcecode.c.objc; path = CHBigPhotoViewController.m; sourceTree = "<group>"; };
		03E57D9F1DC18B2C0035F245 /* CHBigPhotoViewController.xib */ = {isa = PBXFileReference; fileEncoding = 4; lastKnownFileType = file.xib; path = CHBigPhotoViewController.xib; sourceTree = "<group>"; };
		03E57DA21DC1AD680035F245 /* CHDrawView.h */ = {isa = PBXFileReference; fileEncoding = 4; lastKnownFileType = sourcecode.c.h; path = CHDrawView.h; sourceTree = "<group>"; };
		03E57DA31DC1AD680035F245 /* CHDrawView.m */ = {isa = PBXFileReference; fileEncoding = 4; lastKnownFileType = sourcecode.c.objc; path = CHDrawView.m; sourceTree = "<group>"; };
		03F886C81DB25C2E003E2778 /* BUDEJIE19.app */ = {isa = PBXFileReference; explicitFileType = wrapper.application; includeInIndex = 0; path = BUDEJIE19.app; sourceTree = BUILT_PRODUCTS_DIR; };
		03F886CC1DB25C2E003E2778 /* main.m */ = {isa = PBXFileReference; lastKnownFileType = sourcecode.c.objc; path = main.m; sourceTree = "<group>"; };
		03F886D71DB25C2E003E2778 /* Assets.xcassets */ = {isa = PBXFileReference; lastKnownFileType = folder.assetcatalog; path = Assets.xcassets; sourceTree = "<group>"; };
		03F886DA1DB25C2E003E2778 /* Base */ = {isa = PBXFileReference; lastKnownFileType = file.storyboard; name = Base; path = Base.lproj/LaunchScreen.storyboard; sourceTree = "<group>"; };
		03F886DC1DB25C2E003E2778 /* Info.plist */ = {isa = PBXFileReference; lastKnownFileType = text.plist.xml; path = Info.plist; sourceTree = "<group>"; };
		03F886E41DB25EC7003E2778 /* AppDelegate.h */ = {isa = PBXFileReference; fileEncoding = 4; lastKnownFileType = sourcecode.c.h; path = AppDelegate.h; sourceTree = "<group>"; };
		03F886E51DB25EC7003E2778 /* AppDelegate.m */ = {isa = PBXFileReference; fileEncoding = 4; lastKnownFileType = sourcecode.c.objc; path = AppDelegate.m; sourceTree = "<group>"; };
		03F886FD1DB26680003E2778 /* CHTabBarController.h */ = {isa = PBXFileReference; fileEncoding = 4; lastKnownFileType = sourcecode.c.h; path = CHTabBarController.h; sourceTree = "<group>"; };
		03F886FE1DB26680003E2778 /* CHTabBarController.m */ = {isa = PBXFileReference; fileEncoding = 4; lastKnownFileType = sourcecode.c.objc; path = CHTabBarController.m; sourceTree = "<group>"; };
		03F887001DB266AE003E2778 /* CHEssenceViewController.h */ = {isa = PBXFileReference; fileEncoding = 4; lastKnownFileType = sourcecode.c.h; path = CHEssenceViewController.h; sourceTree = "<group>"; };
		03F887011DB266AE003E2778 /* CHEssenceViewController.m */ = {isa = PBXFileReference; fileEncoding = 4; lastKnownFileType = sourcecode.c.objc; path = CHEssenceViewController.m; sourceTree = "<group>"; };
		03F887021DB266AE003E2778 /* CHEssenceViewController.xib */ = {isa = PBXFileReference; fileEncoding = 4; lastKnownFileType = file.xib; path = CHEssenceViewController.xib; sourceTree = "<group>"; };
		03F887051DB266C9003E2778 /* CHMineViewController.h */ = {isa = PBXFileReference; fileEncoding = 4; lastKnownFileType = sourcecode.c.h; path = CHMineViewController.h; sourceTree = "<group>"; };
		03F887061DB266C9003E2778 /* CHMineViewController.m */ = {isa = PBXFileReference; fileEncoding = 4; lastKnownFileType = sourcecode.c.objc; path = CHMineViewController.m; sourceTree = "<group>"; };
		03F8870A1DB266E1003E2778 /* CHNewViewController.h */ = {isa = PBXFileReference; fileEncoding = 4; lastKnownFileType = sourcecode.c.h; path = CHNewViewController.h; sourceTree = "<group>"; };
		03F8870B1DB266E1003E2778 /* CHNewViewController.m */ = {isa = PBXFileReference; fileEncoding = 4; lastKnownFileType = sourcecode.c.objc; path = CHNewViewController.m; sourceTree = "<group>"; };
		03F8870C1DB266E1003E2778 /* CHNewViewController.xib */ = {isa = PBXFileReference; fileEncoding = 4; lastKnownFileType = file.xib; path = CHNewViewController.xib; sourceTree = "<group>"; };
		03F8870F1DB26713003E2778 /* CHPublishViewController.h */ = {isa = PBXFileReference; fileEncoding = 4; lastKnownFileType = sourcecode.c.h; path = CHPublishViewController.h; sourceTree = "<group>"; };
		03F887101DB26713003E2778 /* CHPublishViewController.m */ = {isa = PBXFileReference; fileEncoding = 4; lastKnownFileType = sourcecode.c.objc; path = CHPublishViewController.m; sourceTree = "<group>"; };
		03F887111DB26713003E2778 /* CHPublishViewController.xib */ = {isa = PBXFileReference; fileEncoding = 4; lastKnownFileType = file.xib; path = CHPublishViewController.xib; sourceTree = "<group>"; };
		03F887181DB2685B003E2778 /* CHFriendTrendViewController.h */ = {isa = PBXFileReference; fileEncoding = 4; lastKnownFileType = sourcecode.c.h; path = CHFriendTrendViewController.h; sourceTree = "<group>"; };
		03F887191DB2685B003E2778 /* CHFriendTrendViewController.m */ = {isa = PBXFileReference; fileEncoding = 4; lastKnownFileType = sourcecode.c.objc; path = CHFriendTrendViewController.m; sourceTree = "<group>"; };
		03F8871A1DB2685B003E2778 /* CHFriendTrendViewController.xib */ = {isa = PBXFileReference; fileEncoding = 4; lastKnownFileType = file.xib; path = CHFriendTrendViewController.xib; sourceTree = "<group>"; };
		1DEB9B8EA069F238C9B78449 /* libPods-BUDEJIE19.a */ = {isa = PBXFileReference; explicitFileType = archive.ar; includeInIndex = 0; path = "libPods-BUDEJIE19.a"; sourceTree = BUILT_PRODUCTS_DIR; };
		593DC9DE81D9A92AACEA4CF8 /* Pods-BUDEJIE19.debug.xcconfig */ = {isa = PBXFileReference; includeInIndex = 1; lastKnownFileType = text.xcconfig; name = "Pods-BUDEJIE19.debug.xcconfig"; path = "Pods/Target Support Files/Pods-BUDEJIE19/Pods-BUDEJIE19.debug.xcconfig"; sourceTree = "<group>"; };
		9055BF779293424E6A5E3363 /* Pods-BUDEJIE19.release.xcconfig */ = {isa = PBXFileReference; includeInIndex = 1; lastKnownFileType = text.xcconfig; name = "Pods-BUDEJIE19.release.xcconfig"; path = "Pods/Target Support Files/Pods-BUDEJIE19/Pods-BUDEJIE19.release.xcconfig"; sourceTree = "<group>"; };
/* End PBXFileReference section */

/* Begin PBXFrameworksBuildPhase section */
		03F886C51DB25C2E003E2778 /* Frameworks */ = {
			isa = PBXFrameworksBuildPhase;
			buildActionMask = 2147483647;
			files = (
				03328C821DBB909C00EF28F4 /* WebKit.framework in Frameworks */,
				0EB358B3B70842100F4183F1 /* libPods-BUDEJIE19.a in Frameworks */,
			);
			runOnlyForDeploymentPostprocessing = 0;
		};
/* End PBXFrameworksBuildPhase section */

/* Begin PBXGroup section */
		03328C831DBCCD3E00EF28F4 /* Utils(工具类) */ = {
			isa = PBXGroup;
			children = (
				03328C841DBCCD6900EF28F4 /* CHFileManager.h */,
				03328C851DBCCD6900EF28F4 /* CHFileManager.m */,
				03A2DAFE1DB7AB24007CA2DA /* CHTools.h */,
				03A2DAFF1DB7AB24007CA2DA /* CHTools.m */,
			);
			path = "Utils(工具类)";
			sourceTree = "<group>";
		};
		03328C871DBCEBA700EF28F4 /* ChildViewControllers(子控制器) */ = {
			isa = PBXGroup;
			children = (
				03328C881DBCEBC900EF28F4 /* CHMainViewController.h */,
				03328C891DBCEBC900EF28F4 /* CHMainViewController.m */,
				03328C8B1DBCEBE200EF28F4 /* CHVideoViewController.h */,
				03328C8C1DBCEBE200EF28F4 /* CHVideoViewController.m */,
				03328C8E1DBCEBFF00EF28F4 /* CHVoiceViewController.h */,
				03328C8F1DBCEBFF00EF28F4 /* CHVoiceViewController.m */,
				03328C971DBCECAC00EF28F4 /* CHPhotoViewController.h */,
				03328C981DBCECAC00EF28F4 /* CHPhotoViewController.m */,
				03328C911DBCEC0E00EF28F4 /* CHTextViewController.h */,
				03328C921DBCEC0E00EF28F4 /* CHTextViewController.m */,
				03328C941DBCEC6000EF28F4 /* CHBasicViewController.h */,
				03328C951DBCEC6000EF28F4 /* CHBasicViewController.m */,
				03E57D9D1DC18B2C0035F245 /* CHBigPhotoViewController.h */,
				03E57D9E1DC18B2C0035F245 /* CHBigPhotoViewController.m */,
				03E57D9F1DC18B2C0035F245 /* CHBigPhotoViewController.xib */,
			);
			path = "ChildViewControllers(子控制器)";
			sourceTree = "<group>";
		};
		037520841DB3A44400CCD4DD /* Setting(设置) */ = {
			isa = PBXGroup;
			children = (
				037520851DB3A44400CCD4DD /* Controller */,
				037520861DB3A44400CCD4DD /* Model */,
				037520871DB3A44400CCD4DD /* View */,
			);
			path = "Setting(设置)";
			sourceTree = "<group>";
		};
		037520851DB3A44400CCD4DD /* Controller */ = {
			isa = PBXGroup;
			children = (
				037520881DB3A48700CCD4DD /* CHSettingTableViewController.h */,
				037520891DB3A48700CCD4DD /* CHSettingTableViewController.m */,
			);
			path = Controller;
			sourceTree = "<group>";
		};
		037520861DB3A44400CCD4DD /* Model */ = {
			isa = PBXGroup;
			children = (
			);
			path = Model;
			sourceTree = "<group>";
		};
		037520871DB3A44400CCD4DD /* View */ = {
			isa = PBXGroup;
			children = (
			);
			path = View;
			sourceTree = "<group>";
		};
		037520B71DB6321400CCD4DD /* ADD(广告) */ = {
			isa = PBXGroup;
			children = (
				037520B81DB6321400CCD4DD /* Controller */,
				037520B91DB6321400CCD4DD /* Model */,
				037520BA1DB6321400CCD4DD /* View */,
			);
			path = "ADD(广告)";
			sourceTree = "<group>";
		};
		037520B81DB6321400CCD4DD /* Controller */ = {
			isa = PBXGroup;
			children = (
				037520CF1DB634FC00CCD4DD /* CHADDViewController.h */,
				037520D01DB634FC00CCD4DD /* CHADDViewController.m */,
				037520D41DB642CD00CCD4DD /* AFHTTPSessionManager+CHHTTPSessionManager.h */,
				037520D51DB642CD00CCD4DD /* AFHTTPSessionManager+CHHTTPSessionManager.m */,
				037520D11DB634FC00CCD4DD /* CHADDViewController.xib */,
			);
			path = Controller;
			sourceTree = "<group>";
		};
		037520B91DB6321400CCD4DD /* Model */ = {
			isa = PBXGroup;
			children = (
				037520D71DB64B1000CCD4DD /* CHADDItem.h */,
				037520D81DB64B1000CCD4DD /* CHADDItem.m */,
			);
			path = Model;
			sourceTree = "<group>";
		};
		037520BA1DB6321400CCD4DD /* View */ = {
			isa = PBXGroup;
			children = (
			);
			path = View;
			sourceTree = "<group>";
		};
		037520C01DB6328400CCD4DD /* 启动图片 */ = {
			isa = PBXGroup;
			children = (
				037520C11DB6328400CCD4DD /* LaunchImage-568h@2x.png */,
				037520C21DB6328400CCD4DD /* LaunchImage-700-568h@2x.png */,
				037520C31DB6328400CCD4DD /* LaunchImage-700@2x.png */,
				037520C41DB6328400CCD4DD /* LaunchImage-800-667h@2x.png */,
				037520C51DB6328400CCD4DD /* LaunchImage-800-Portrait-736h@3x.png */,
				037520C61DB6328400CCD4DD /* LaunchImage.png */,
				037520C71DB6328400CCD4DD /* LaunchImage@2x.png */,
			);
			path = "启动图片";
			sourceTree = "<group>";
		};
		03F886BF1DB25C2E003E2778 = {
			isa = PBXGroup;
			children = (
				03F886CA1DB25C2E003E2778 /* BUDEJIE19 */,
				03F886C91DB25C2E003E2778 /* Products */,
				D813C6E14B15479A65A853E7 /* Pods */,
				E3CF3B7FAC0DE5B828254408 /* Frameworks */,
			);
			sourceTree = "<group>";
		};
		03F886C91DB25C2E003E2778 /* Products */ = {
			isa = PBXGroup;
			children = (
				03F886C81DB25C2E003E2778 /* BUDEJIE19.app */,
			);
			name = Products;
			sourceTree = "<group>";
		};
		03F886CA1DB25C2E003E2778 /* BUDEJIE19 */ = {
			isa = PBXGroup;
			children = (
				03F886E21DB25EC7003E2778 /* Classes */,
				03F886D71DB25C2E003E2778 /* Assets.xcassets */,
				037520A31DB483B500CCD4DD /* login_rgister_textfield_bg.png */,
				03F886D91DB25C2E003E2778 /* LaunchScreen.storyboard */,
				03F886DC1DB25C2E003E2778 /* Info.plist */,
				03F886CB1DB25C2E003E2778 /* Supporting Files */,
			);
			path = BUDEJIE19;
			sourceTree = "<group>";
		};
		03F886CB1DB25C2E003E2778 /* Supporting Files */ = {
			isa = PBXGroup;
			children = (
				037520C01DB6328400CCD4DD /* 启动图片 */,
				03F886CC1DB25C2E003E2778 /* main.m */,
			);
			name = "Supporting Files";
			sourceTree = "<group>";
		};
		03F886E21DB25EC7003E2778 /* Classes */ = {
			isa = PBXGroup;
			children = (
				037520B71DB6321400CCD4DD /* ADD(广告) */,
				03F887141DB26848003E2778 /* FriendTrend(关注) */,
				03F886E31DB25EC7003E2778 /* AppDelegate */,
				03F886E61DB25EC7003E2778 /* Essence(精华) */,
				03F886EA1DB25EC7003E2778 /* Main(主要) */,
				03F886EE1DB25EC7003E2778 /* Mine(我的) */,
				037520841DB3A44400CCD4DD /* Setting(设置) */,
				03F886F21DB25EC7003E2778 /* New(新帖) */,
				03F886F61DB25EC7003E2778 /* Other */,
				03F886F81DB25EC7003E2778 /* Publish(发布) */,
			);
			path = Classes;
			sourceTree = "<group>";
		};
		03F886E31DB25EC7003E2778 /* AppDelegate */ = {
			isa = PBXGroup;
			children = (
				03F886E41DB25EC7003E2778 /* AppDelegate.h */,
				03F886E51DB25EC7003E2778 /* AppDelegate.m */,
			);
			path = AppDelegate;
			sourceTree = "<group>";
		};
		03F886E61DB25EC7003E2778 /* Essence(精华) */ = {
			isa = PBXGroup;
			children = (
				03328C871DBCEBA700EF28F4 /* ChildViewControllers(子控制器) */,
				03F886E71DB25EC7003E2778 /* Controller */,
				03F886E81DB25EC7003E2778 /* Model */,
				03F886E91DB25EC7003E2778 /* View */,
			);
			path = "Essence(精华)";
			sourceTree = "<group>";
		};
		03F886E71DB25EC7003E2778 /* Controller */ = {
			isa = PBXGroup;
			children = (
				03F887001DB266AE003E2778 /* CHEssenceViewController.h */,
				03F887011DB266AE003E2778 /* CHEssenceViewController.m */,
				03F887021DB266AE003E2778 /* CHEssenceViewController.xib */,
				0375208E1DB3E33600CCD4DD /* CHRecomandViewController.h */,
				0375208F1DB3E33600CCD4DD /* CHRecomandViewController.m */,
			);
			path = Controller;
			sourceTree = "<group>";
		};
		03F886E81DB25EC7003E2778 /* Model */ = {
			isa = PBXGroup;
			children = (
				03E57D6A1DBF71340035F245 /* CHAllItem.h */,
				03E57D6B1DBF71340035F245 /* CHAllItem.m */,
				03E57D781DBF7EA60035F245 /* CHEssenceViewItem.h */,
				03E57D791DBF7EA70035F245 /* CHEssenceViewItem.m */,
				03E57D8F1DC0C7150035F245 /* CHTopCommentItem.h */,
				03E57D901DC0C7150035F245 /* CHTopCommentItem.m */,
				03E57D921DC0C94D0035F245 /* CHUserMessageItem.h */,
				03E57D931DC0C94D0035F245 /* CHUserMessageItem.m */,
			);
			path = Model;
			sourceTree = "<group>";
		};
		03F886E91DB25EC7003E2778 /* View */ = {
			isa = PBXGroup;
			children = (
				03E57D751DBF7B1A0035F245 /* CHAllVCCell.h */,
				03E57D761DBF7B1A0035F245 /* CHAllVCCell.m */,
				03E57D6D1DBF73C70035F245 /* CHTopicBasicView.h */,
				03E57D6E1DBF73C70035F245 /* CHTopicBasicView.m */,
				03E57D701DBF74D30035F245 /* CHAllTopicTopView.h */,
				03E57D711DBF74D30035F245 /* CHAllTopicTopView.m */,
				03E57D731DBF74DF0035F245 /* CHAllTopicTopView.xib */,
				03E57D7B1DBF87E00035F245 /* CHPhotoTopicView.h */,
				03E57D7C1DBF87E00035F245 /* CHPhotoTopicView.m */,
				03E57D7E1DBF87EF0035F245 /* CHPhotoTopicView.xib */,
				03E57D801DBFB7730035F245 /* CHVoiceTopicView.h */,
				03E57D811DBFB7730035F245 /* CHVoiceTopicView.m */,
				03E57D831DBFB77E0035F245 /* CHVoiceTopicView.xib */,
				03E57D851DBFBE9F0035F245 /* CHVideoTopicView.h */,
				03E57D861DBFBE9F0035F245 /* CHVideoTopicView.m */,
				03E57D881DBFBEB10035F245 /* CHVideoTopicView.xib */,
				03E57D8A1DC0BFEA0035F245 /* CHTopCommtentView.h */,
				03E57D8B1DC0BFEA0035F245 /* CHTopCommtentView.m */,
				03E57D8D1DC0BFF90035F245 /* CHTopCommtentView.xib */,
				03E57D951DC0DAD10035F245 /* CHBottomView.h */,
				03E57D961DC0DAD10035F245 /* CHBottomView.m */,
				03E57D981DC0DAE20035F245 /* CHBottomView.xib */,
				03E57DA21DC1AD680035F245 /* CHDrawView.h */,
				03E57DA31DC1AD680035F245 /* CHDrawView.m */,
			);
			path = View;
			sourceTree = "<group>";
		};
		03F886EA1DB25EC7003E2778 /* Main(主要) */ = {
			isa = PBXGroup;
			children = (
				03F886EB1DB25EC7003E2778 /* Controller */,
				03F886EC1DB25EC7003E2778 /* Model */,
				03F886ED1DB25EC7003E2778 /* View */,
			);
			path = "Main(主要)";
			sourceTree = "<group>";
		};
		03F886EB1DB25EC7003E2778 /* Controller */ = {
			isa = PBXGroup;
			children = (
				03F886FD1DB26680003E2778 /* CHTabBarController.h */,
				03F886FE1DB26680003E2778 /* CHTabBarController.m */,
				03A2DB071DB866C1007CA2DA /* CHNavigationController.h */,
				03A2DB081DB866C1007CA2DA /* CHNavigationController.m */,
			);
			path = Controller;
			sourceTree = "<group>";
		};
		03F886EC1DB25EC7003E2778 /* Model */ = {
			isa = PBXGroup;
			children = (
			);
			path = Model;
			sourceTree = "<group>";
		};
		03F886ED1DB25EC7003E2778 /* View */ = {
			isa = PBXGroup;
			children = (
				0375207A1DB27D1200CCD4DD /* CHTabBar.h */,
				0375207B1DB27D1200CCD4DD /* CHTabBar.m */,
				03A2DB041DB7DA4E007CA2DA /* CHNavigationBar.h */,
				03A2DB051DB7DA4E007CA2DA /* CHNavigationBar.m */,
				03A2DB0A1DB8728A007CA2DA /* CHBackView.h */,
				03A2DB0B1DB8728A007CA2DA /* CHBackView.m */,
			);
			path = View;
			sourceTree = "<group>";
		};
		03F886EE1DB25EC7003E2778 /* Mine(我的) */ = {
			isa = PBXGroup;
			children = (
				03F886EF1DB25EC7003E2778 /* Controller */,
				03F886F01DB25EC7003E2778 /* Model */,
				03F886F11DB25EC7003E2778 /* View */,
			);
			path = "Mine(我的)";
			sourceTree = "<group>";
		};
		03F886EF1DB25EC7003E2778 /* Controller */ = {
			isa = PBXGroup;
			children = (
				03F887051DB266C9003E2778 /* CHMineViewController.h */,
				03F887061DB266C9003E2778 /* CHMineViewController.m */,
				03328C7C1DBB8C9000EF28F4 /* CHWebController.h */,
				03328C7D1DBB8C9000EF28F4 /* CHWebController.m */,
				03328C7E1DBB8C9000EF28F4 /* CHWebController.xib */,
			);
			path = Controller;
			sourceTree = "<group>";
		};
		03F886F01DB25EC7003E2778 /* Model */ = {
			isa = PBXGroup;
			children = (
				037520AB1DB4C80600CCD4DD /* CHSetiingCellItem.h */,
				037520AC1DB4C80600CCD4DD /* CHSetiingCellItem.m */,
				037520B11DB5060F00CCD4DD /* CHCollectionCellItem.h */,
				037520B21DB5060F00CCD4DD /* CHCollectionCellItem.m */,
			);
			path = Model;
			sourceTree = "<group>";
		};
		03F886F11DB25EC7003E2778 /* View */ = {
			isa = PBXGroup;
			children = (
				0375208B1DB3AB6A00CCD4DD /* CHView.h */,
				0375208C1DB3AB6A00CCD4DD /* CHView.m */,
				037520AE1DB4F1CD00CCD4DD /* CHCollectionVCell.h */,
				037520AF1DB4F1CD00CCD4DD /* CHCollectionVCell.m */,
				03328C791DBB502000EF28F4 /* CHButton.h */,
				03328C7A1DBB502000EF28F4 /* CHButton.m */,
			);
			path = View;
			sourceTree = "<group>";
		};
		03F886F21DB25EC7003E2778 /* New(新帖) */ = {
			isa = PBXGroup;
			children = (
				03F886F31DB25EC7003E2778 /* Controller */,
				03F886F41DB25EC7003E2778 /* Model */,
				03F886F51DB25EC7003E2778 /* View */,
			);
			path = "New(新帖)";
			sourceTree = "<group>";
		};
		03F886F31DB25EC7003E2778 /* Controller */ = {
			isa = PBXGroup;
			children = (
				03F8870A1DB266E1003E2778 /* CHNewViewController.h */,
				03F8870B1DB266E1003E2778 /* CHNewViewController.m */,
				03F8870C1DB266E1003E2778 /* CHNewViewController.xib */,
				03A2DAEF1DB7A3E1007CA2DA /* CHTagTableViewController.h */,
				03A2DAF01DB7A3E1007CA2DA /* CHTagTableViewController.m */,
				03A2DAF11DB7A3E1007CA2DA /* CHTagTableViewController.xib */,
			);
			path = Controller;
			sourceTree = "<group>";
		};
		03F886F41DB25EC7003E2778 /* Model */ = {
			isa = PBXGroup;
			children = (
				03A2DB011DB7CF34007CA2DA /* CHTagItem.h */,
				03A2DB021DB7CF34007CA2DA /* CHTagItem.m */,
			);
			path = Model;
			sourceTree = "<group>";
		};
		03F886F51DB25EC7003E2778 /* View */ = {
			isa = PBXGroup;
			children = (
				03A2DAF91DB7A6F2007CA2DA /* CHTagCell.h */,
				03A2DAFA1DB7A6F2007CA2DA /* CHTagCell.m */,
				03A2DAFB1DB7A6F2007CA2DA /* CHTagCell.xib */,
			);
			path = View;
			sourceTree = "<group>";
		};
		03F886F61DB25EC7003E2778 /* Other */ = {
			isa = PBXGroup;
			children = (
				03328C831DBCCD3E00EF28F4 /* Utils(工具类) */,
				03F886F71DB25EC7003E2778 /* Category */,
				037520801DB27E5800CCD4DD /* PrefixHeader.pch */,
			);
			path = Other;
			sourceTree = "<group>";
		};
		03F886F71DB25EC7003E2778 /* Category */ = {
			isa = PBXGroup;
			children = (
				03E57D9A1DC0FD0F0035F245 /* NSDate+CHFormatter.h */,
				03E57D9B1DC0FD0F0035F245 /* NSDate+CHFormatter.m */,
				0375207D1DB27E3E00CCD4DD /* UIView+CHFrame.h */,
				0375207E1DB27E3E00CCD4DD /* UIView+CHFrame.m */,
				037520771DB278B300CCD4DD /* UIImage+CHImage.h */,
				037520781DB278B300CCD4DD /* UIImage+CHImage.m */,
				037520811DB39E1F00CCD4DD /* UIBarButtonItem+CHBarButtonItem.h */,
				037520821DB39E1F00CCD4DD /* UIBarButtonItem+CHBarButtonItem.m */,
			);
			path = Category;
			sourceTree = "<group>";
		};
		03F886F81DB25EC7003E2778 /* Publish(发布) */ = {
			isa = PBXGroup;
			children = (
				03F886F91DB25EC7003E2778 /* Controller */,
				03F886FA1DB25EC7003E2778 /* Model */,
				03F886FB1DB25EC7003E2778 /* View */,
			);
			path = "Publish(发布)";
			sourceTree = "<group>";
		};
		03F886F91DB25EC7003E2778 /* Controller */ = {
			isa = PBXGroup;
			children = (
				03F8870F1DB26713003E2778 /* CHPublishViewController.h */,
				03F887101DB26713003E2778 /* CHPublishViewController.m */,
				03F887111DB26713003E2778 /* CHPublishViewController.xib */,
			);
			path = Controller;
			sourceTree = "<group>";
		};
		03F886FA1DB25EC7003E2778 /* Model */ = {
			isa = PBXGroup;
			children = (
			);
			path = Model;
			sourceTree = "<group>";
		};
		03F886FB1DB25EC7003E2778 /* View */ = {
			isa = PBXGroup;
			children = (
			);
			path = View;
			sourceTree = "<group>";
		};
		03F887141DB26848003E2778 /* FriendTrend(关注) */ = {
			isa = PBXGroup;
			children = (
				03F887151DB26848003E2778 /* Controller */,
				03F887161DB26848003E2778 /* Model */,
				03F887171DB26848003E2778 /* View */,
			);
			path = "FriendTrend(关注)";
			sourceTree = "<group>";
		};
		03F887151DB26848003E2778 /* Controller */ = {
			isa = PBXGroup;
			children = (
				03F887181DB2685B003E2778 /* CHFriendTrendViewController.h */,
				03F887191DB2685B003E2778 /* CHFriendTrendViewController.m */,
				03F8871A1DB2685B003E2778 /* CHFriendTrendViewController.xib */,
				0375209B1DB4788100CCD4DD /* CHLoginViewController.h */,
				0375209C1DB4788100CCD4DD /* CHLoginViewController.m */,
			);
			path = Controller;
			sourceTree = "<group>";
		};
		03F887161DB26848003E2778 /* Model */ = {
			isa = PBXGroup;
			children = (
			);
			path = Model;
			sourceTree = "<group>";
		};
		03F887171DB26848003E2778 /* View */ = {
			isa = PBXGroup;
			children = (
				037520911DB46DDD00CCD4DD /* CHLoginView.h */,
				037520921DB46DDD00CCD4DD /* CHLoginView.m */,
				037520941DB46DEB00CCD4DD /* CHLoginView.xib */,
				037520961DB474CA00CCD4DD /* CHTextFView.h */,
				037520971DB474CA00CCD4DD /* CHTextFView.m */,
				037520991DB474D500CCD4DD /* CHTextFView.xib */,
				0375209E1DB47EC300CCD4DD /* CHRegistView.h */,
				0375209F1DB47EC300CCD4DD /* CHRegistView.m */,
				037520A11DB47ED500CCD4DD /* CHRegistView.xib */,
				03A2DAEC1DB79ED7007CA2DA /* CHLoginRegistTField.h */,
				03A2DAED1DB79ED7007CA2DA /* CHLoginRegistTField.m */,
			);
			path = View;
			sourceTree = "<group>";
		};
		D813C6E14B15479A65A853E7 /* Pods */ = {
			isa = PBXGroup;
			children = (
				593DC9DE81D9A92AACEA4CF8 /* Pods-BUDEJIE19.debug.xcconfig */,
				9055BF779293424E6A5E3363 /* Pods-BUDEJIE19.release.xcconfig */,
			);
			name = Pods;
			sourceTree = "<group>";
		};
		E3CF3B7FAC0DE5B828254408 /* Frameworks */ = {
			isa = PBXGroup;
			children = (
				03328C811DBB909C00EF28F4 /* WebKit.framework */,
				1DEB9B8EA069F238C9B78449 /* libPods-BUDEJIE19.a */,
			);
			name = Frameworks;
			sourceTree = "<group>";
		};
/* End PBXGroup section */

/* Begin PBXNativeTarget section */
		03F886C71DB25C2E003E2778 /* BUDEJIE19 */ = {
			isa = PBXNativeTarget;
			buildConfigurationList = 03F886DF1DB25C2E003E2778 /* Build configuration list for PBXNativeTarget "BUDEJIE19" */;
			buildPhases = (
				0EE8FCC9D1066C377DA61A83 /* [CP] Check Pods Manifest.lock */,
				03F886C41DB25C2E003E2778 /* Sources */,
				03F886C51DB25C2E003E2778 /* Frameworks */,
				03F886C61DB25C2E003E2778 /* Resources */,
				759B41B1B8C03CE81D164752 /* [CP] Embed Pods Frameworks */,
				A8B2669B8519BA1A9CDD1CBB /* [CP] Copy Pods Resources */,
			);
			buildRules = (
			);
			dependencies = (
			);
			name = BUDEJIE19;
			productName = BUDEJIE19;
			productReference = 03F886C81DB25C2E003E2778 /* BUDEJIE19.app */;
			productType = "com.apple.product-type.application";
		};
/* End PBXNativeTarget section */

/* Begin PBXProject section */
		03F886C01DB25C2E003E2778 /* Project object */ = {
			isa = PBXProject;
			attributes = {
				CLASSPREFIX = CH;
				LastUpgradeCheck = 0730;
				ORGANIZATIONNAME = moxuyou;
				TargetAttributes = {
					03F886C71DB25C2E003E2778 = {
						CreatedOnToolsVersion = 7.3;
					};
				};
			};
			buildConfigurationList = 03F886C31DB25C2E003E2778 /* Build configuration list for PBXProject "BUDEJIE19" */;
			compatibilityVersion = "Xcode 3.2";
			developmentRegion = English;
			hasScannedForEncodings = 0;
			knownRegions = (
				en,
				Base,
			);
			mainGroup = 03F886BF1DB25C2E003E2778;
			productRefGroup = 03F886C91DB25C2E003E2778 /* Products */;
			projectDirPath = "";
			projectRoot = "";
			targets = (
				03F886C71DB25C2E003E2778 /* BUDEJIE19 */,
			);
		};
/* End PBXProject section */

/* Begin PBXResourcesBuildPhase section */
		03F886C61DB25C2E003E2778 /* Resources */ = {
			isa = PBXResourcesBuildPhase;
			buildActionMask = 2147483647;
			files = (
				037520CE1DB6328400CCD4DD /* LaunchImage@2x.png in Resources */,
				03A2DAFD1DB7A6F2007CA2DA /* CHTagCell.xib in Resources */,
				03F8870E1DB266E1003E2778 /* CHNewViewController.xib in Resources */,
				037520CD1DB6328400CCD4DD /* LaunchImage.png in Resources */,
				0375209A1DB474D500CCD4DD /* CHTextFView.xib in Resources */,
				03E57D991DC0DAE20035F245 /* CHBottomView.xib in Resources */,
				03F886DB1DB25C2E003E2778 /* LaunchScreen.storyboard in Resources */,
				03F887041DB266AE003E2778 /* CHEssenceViewController.xib in Resources */,
				03A2DAF31DB7A3E1007CA2DA /* CHTagTableViewController.xib in Resources */,
				03E57D841DBFB77E0035F245 /* CHVoiceTopicView.xib in Resources */,
				037520CA1DB6328400CCD4DD /* LaunchImage-700@2x.png in Resources */,
				037520D31DB634FC00CCD4DD /* CHADDViewController.xib in Resources */,
				03F886D81DB25C2E003E2778 /* Assets.xcassets in Resources */,
				03E57D7F1DBF87EF0035F245 /* CHPhotoTopicView.xib in Resources */,
				037520A21DB47ED500CCD4DD /* CHRegistView.xib in Resources */,
				037520951DB46DEB00CCD4DD /* CHLoginView.xib in Resources */,
				03F8871C1DB2685B003E2778 /* CHFriendTrendViewController.xib in Resources */,
				03328C801DBB8C9000EF28F4 /* CHWebController.xib in Resources */,
				03E57D891DBFBEB10035F245 /* CHVideoTopicView.xib in Resources */,
				03E57DA11DC18B2C0035F245 /* CHBigPhotoViewController.xib in Resources */,
				03E57D8E1DC0BFF90035F245 /* CHTopCommtentView.xib in Resources */,
				037520CB1DB6328400CCD4DD /* LaunchImage-800-667h@2x.png in Resources */,
				03F887131DB26713003E2778 /* CHPublishViewController.xib in Resources */,
				037520CC1DB6328400CCD4DD /* LaunchImage-800-Portrait-736h@3x.png in Resources */,
				037520C91DB6328400CCD4DD /* LaunchImage-700-568h@2x.png in Resources */,
				037520C81DB6328400CCD4DD /* LaunchImage-568h@2x.png in Resources */,
				037520A41DB483B500CCD4DD /* login_rgister_textfield_bg.png in Resources */,
				03E57D741DBF74DF0035F245 /* CHAllTopicTopView.xib in Resources */,
			);
			runOnlyForDeploymentPostprocessing = 0;
		};
/* End PBXResourcesBuildPhase section */

/* Begin PBXShellScriptBuildPhase section */
		0EE8FCC9D1066C377DA61A83 /* [CP] Check Pods Manifest.lock */ = {
			isa = PBXShellScriptBuildPhase;
			buildActionMask = 2147483647;
			files = (
			);
			inputPaths = (
			);
			name = "[CP] Check Pods Manifest.lock";
			outputPaths = (
			);
			runOnlyForDeploymentPostprocessing = 0;
			shellPath = /bin/sh;
			shellScript = "diff \"${PODS_ROOT}/../Podfile.lock\" \"${PODS_ROOT}/Manifest.lock\" > /dev/null\nif [[ $? != 0 ]] ; then\n    cat << EOM\nerror: The sandbox is not in sync with the Podfile.lock. Run 'pod install' or update your CocoaPods installation.\nEOM\n    exit 1\nfi\n";
			showEnvVarsInLog = 0;
		};
		759B41B1B8C03CE81D164752 /* [CP] Embed Pods Frameworks */ = {
			isa = PBXShellScriptBuildPhase;
			buildActionMask = 2147483647;
			files = (
			);
			inputPaths = (
			);
			name = "[CP] Embed Pods Frameworks";
			outputPaths = (
			);
			runOnlyForDeploymentPostprocessing = 0;
			shellPath = /bin/sh;
			shellScript = "\"${SRCROOT}/Pods/Target Support Files/Pods-BUDEJIE19/Pods-BUDEJIE19-frameworks.sh\"\n";
			showEnvVarsInLog = 0;
		};
		A8B2669B8519BA1A9CDD1CBB /* [CP] Copy Pods Resources */ = {
			isa = PBXShellScriptBuildPhase;
			buildActionMask = 2147483647;
			files = (
			);
			inputPaths = (
			);
			name = "[CP] Copy Pods Resources";
			outputPaths = (
			);
			runOnlyForDeploymentPostprocessing = 0;
			shellPath = /bin/sh;
			shellScript = "\"${SRCROOT}/Pods/Target Support Files/Pods-BUDEJIE19/Pods-BUDEJIE19-resources.sh\"\n";
			showEnvVarsInLog = 0;
		};
/* End PBXShellScriptBuildPhase section */

/* Begin PBXSourcesBuildPhase section */
		03F886C41DB25C2E003E2778 /* Sources */ = {
			isa = PBXSourcesBuildPhase;
			buildActionMask = 2147483647;
			files = (
				03328C861DBCCD6900EF28F4 /* CHFileManager.m in Sources */,
				03E57D9C1DC0FD0F0035F245 /* NSDate+CHFormatter.m in Sources */,
				03E57D941DC0C94D0035F245 /* CHUserMessageItem.m in Sources */,
				03F887081DB266C9003E2778 /* CHMineViewController.m in Sources */,
				03F887031DB266AE003E2778 /* CHEssenceViewController.m in Sources */,
				03328C961DBCEC6000EF28F4 /* CHBasicViewController.m in Sources */,
				03E57D6F1DBF73C70035F245 /* CHTopicBasicView.m in Sources */,
				03F8870D1DB266E1003E2778 /* CHNewViewController.m in Sources */,
				03E57DA41DC1AD680035F245 /* CHDrawView.m in Sources */,
				03E57D8C1DC0BFEA0035F245 /* CHTopCommtentView.m in Sources */,
				03A2DB001DB7AB24007CA2DA /* CHTools.m in Sources */,
				037520AD1DB4C80600CCD4DD /* CHSetiingCellItem.m in Sources */,
				03E57D821DBFB7730035F245 /* CHVoiceTopicView.m in Sources */,
				037520901DB3E33600CCD4DD /* CHRecomandViewController.m in Sources */,
				03E57D771DBF7B1A0035F245 /* CHAllVCCell.m in Sources */,
				03328C7B1DBB502000EF28F4 /* CHButton.m in Sources */,
				03F886FC1DB25EC7003E2778 /* AppDelegate.m in Sources */,
				03A2DB031DB7CF34007CA2DA /* CHTagItem.m in Sources */,
				0375207F1DB27E3E00CCD4DD /* UIView+CHFrame.m in Sources */,
				03F886FF1DB26680003E2778 /* CHTabBarController.m in Sources */,
				03E57D971DC0DAD10035F245 /* CHBottomView.m in Sources */,
				03E57D911DC0C7150035F245 /* CHTopCommentItem.m in Sources */,
				03328C8A1DBCEBC900EF28F4 /* CHMainViewController.m in Sources */,
				03328C8D1DBCEBE200EF28F4 /* CHVideoViewController.m in Sources */,
				037520791DB278B300CCD4DD /* UIImage+CHImage.m in Sources */,
				03A2DAF21DB7A3E1007CA2DA /* CHTagTableViewController.m in Sources */,
				037520931DB46DDD00CCD4DD /* CHLoginView.m in Sources */,
				03A2DB0C1DB8728A007CA2DA /* CHBackView.m in Sources */,
				03E57DA01DC18B2C0035F245 /* CHBigPhotoViewController.m in Sources */,
				037520831DB39E1F00CCD4DD /* UIBarButtonItem+CHBarButtonItem.m in Sources */,
				03E57D6C1DBF71340035F245 /* CHAllItem.m in Sources */,
				03328C991DBCECAC00EF28F4 /* CHPhotoViewController.m in Sources */,
				037520A01DB47EC300CCD4DD /* CHRegistView.m in Sources */,
				03A2DB091DB866C1007CA2DA /* CHNavigationController.m in Sources */,
				037520981DB474CA00CCD4DD /* CHTextFView.m in Sources */,
				037520D21DB634FC00CCD4DD /* CHADDViewController.m in Sources */,
				03E57D7D1DBF87E00035F245 /* CHPhotoTopicView.m in Sources */,
				037520B01DB4F1CD00CCD4DD /* CHCollectionVCell.m in Sources */,
				03328C901DBCEBFF00EF28F4 /* CHVoiceViewController.m in Sources */,
				0375208D1DB3AB6A00CCD4DD /* CHView.m in Sources */,
				03E57D871DBFBE9F0035F245 /* CHVideoTopicView.m in Sources */,
				03328C7F1DBB8C9000EF28F4 /* CHWebController.m in Sources */,
				03E57D721DBF74D30035F245 /* CHAllTopicTopView.m in Sources */,
				0375209D1DB4788100CCD4DD /* CHLoginViewController.m in Sources */,
				03F886CD1DB25C2E003E2778 /* main.m in Sources */,
				03F887121DB26713003E2778 /* CHPublishViewController.m in Sources */,
				037520D61DB642CD00CCD4DD /* AFHTTPSessionManager+CHHTTPSessionManager.m in Sources */,
				03F8871B1DB2685B003E2778 /* CHFriendTrendViewController.m in Sources */,
				03328C931DBCEC0E00EF28F4 /* CHTextViewController.m in Sources */,
				03A2DAEE1DB79ED7007CA2DA /* CHLoginRegistTField.m in Sources */,
				037520B31DB5060F00CCD4DD /* CHCollectionCellItem.m in Sources */,
				03A2DAFC1DB7A6F2007CA2DA /* CHTagCell.m in Sources */,
				03E57D7A1DBF7EA70035F245 /* CHEssenceViewItem.m in Sources */,
				0375207C1DB27D1200CCD4DD /* CHTabBar.m in Sources */,
				03A2DB061DB7DA4E007CA2DA /* CHNavigationBar.m in Sources */,
				037520D91DB64B1000CCD4DD /* CHADDItem.m in Sources */,
				0375208A1DB3A48700CCD4DD /* CHSettingTableViewController.m in Sources */,
			);
			runOnlyForDeploymentPostprocessing = 0;
		};
/* End PBXSourcesBuildPhase section */

/* Begin PBXVariantGroup section */
		03F886D91DB25C2E003E2778 /* LaunchScreen.storyboard */ = {
			isa = PBXVariantGroup;
			children = (
				03F886DA1DB25C2E003E2778 /* Base */,
			);
			name = LaunchScreen.storyboard;
			sourceTree = "<group>";
		};
/* End PBXVariantGroup section */

/* Begin XCBuildConfiguration section */
		03F886DD1DB25C2E003E2778 /* Debug */ = {
			isa = XCBuildConfiguration;
			buildSettings = {
				ALWAYS_SEARCH_USER_PATHS = NO;
				CLANG_ANALYZER_NONNULL = YES;
				CLANG_CXX_LANGUAGE_STANDARD = "gnu++0x";
				CLANG_CXX_LIBRARY = "libc++";
				CLANG_ENABLE_MODULES = YES;
				CLANG_ENABLE_OBJC_ARC = YES;
				CLANG_WARN_BOOL_CONVERSION = YES;
				CLANG_WARN_CONSTANT_CONVERSION = YES;
				CLANG_WARN_DIRECT_OBJC_ISA_USAGE = YES_ERROR;
				CLANG_WARN_EMPTY_BODY = YES;
				CLANG_WARN_ENUM_CONVERSION = YES;
				CLANG_WARN_INT_CONVERSION = YES;
				CLANG_WARN_OBJC_ROOT_CLASS = YES_ERROR;
				CLANG_WARN_UNREACHABLE_CODE = YES;
				CLANG_WARN__DUPLICATE_METHOD_MATCH = YES;
				"CODE_SIGN_IDENTITY[sdk=iphoneos*]" = "iPhone Developer";
				COPY_PHASE_STRIP = NO;
				DEBUG_INFORMATION_FORMAT = dwarf;
				ENABLE_STRICT_OBJC_MSGSEND = YES;
				ENABLE_TESTABILITY = YES;
				GCC_C_LANGUAGE_STANDARD = gnu99;
				GCC_DYNAMIC_NO_PIC = NO;
				GCC_NO_COMMON_BLOCKS = YES;
				GCC_OPTIMIZATION_LEVEL = 0;
				GCC_PREPROCESSOR_DEFINITIONS = (
					"DEBUG=1",
					"$(inherited)",
				);
				GCC_WARN_64_TO_32_BIT_CONVERSION = YES;
				GCC_WARN_ABOUT_RETURN_TYPE = YES_ERROR;
				GCC_WARN_UNDECLARED_SELECTOR = YES;
				GCC_WARN_UNINITIALIZED_AUTOS = YES_AGGRESSIVE;
				GCC_WARN_UNUSED_FUNCTION = YES;
				GCC_WARN_UNUSED_VARIABLE = YES;
				IPHONEOS_DEPLOYMENT_TARGET = 9.3;
				MTL_ENABLE_DEBUG_INFO = YES;
				ONLY_ACTIVE_ARCH = YES;
				SDKROOT = iphoneos;
				TARGETED_DEVICE_FAMILY = "1,2";
			};
			name = Debug;
		};
		03F886DE1DB25C2E003E2778 /* Release */ = {
			isa = XCBuildConfiguration;
			buildSettings = {
				ALWAYS_SEARCH_USER_PATHS = NO;
				CLANG_ANALYZER_NONNULL = YES;
				CLANG_CXX_LANGUAGE_STANDARD = "gnu++0x";
				CLANG_CXX_LIBRARY = "libc++";
				CLANG_ENABLE_MODULES = YES;
				CLANG_ENABLE_OBJC_ARC = YES;
				CLANG_WARN_BOOL_CONVERSION = YES;
				CLANG_WARN_CONSTANT_CONVERSION = YES;
				CLANG_WARN_DIRECT_OBJC_ISA_USAGE = YES_ERROR;
				CLANG_WARN_EMPTY_BODY = YES;
				CLANG_WARN_ENUM_CONVERSION = YES;
				CLANG_WARN_INT_CONVERSION = YES;
				CLANG_WARN_OBJC_ROOT_CLASS = YES_ERROR;
				CLANG_WARN_UNREACHABLE_CODE = YES;
				CLANG_WARN__DUPLICATE_METHOD_MATCH = YES;
				"CODE_SIGN_IDENTITY[sdk=iphoneos*]" = "iPhone Developer";
				COPY_PHASE_STRIP = NO;
				DEBUG_INFORMATION_FORMAT = "dwarf-with-dsym";
				ENABLE_NS_ASSERTIONS = NO;
				ENABLE_STRICT_OBJC_MSGSEND = YES;
				GCC_C_LANGUAGE_STANDARD = gnu99;
				GCC_NO_COMMON_BLOCKS = YES;
				GCC_WARN_64_TO_32_BIT_CONVERSION = YES;
				GCC_WARN_ABOUT_RETURN_TYPE = YES_ERROR;
				GCC_WARN_UNDECLARED_SELECTOR = YES;
				GCC_WARN_UNINITIALIZED_AUTOS = YES_AGGRESSIVE;
				GCC_WARN_UNUSED_FUNCTION = YES;
				GCC_WARN_UNUSED_VARIABLE = YES;
				IPHONEOS_DEPLOYMENT_TARGET = 9.3;
				MTL_ENABLE_DEBUG_INFO = NO;
				SDKROOT = iphoneos;
				TARGETED_DEVICE_FAMILY = "1,2";
				VALIDATE_PRODUCT = YES;
			};
			name = Release;
		};
		03F886E01DB25C2E003E2778 /* Debug */ = {
			isa = XCBuildConfiguration;
			baseConfigurationReference = 593DC9DE81D9A92AACEA4CF8 /* Pods-BUDEJIE19.debug.xcconfig */;
			buildSettings = {
				ASSETCATALOG_COMPILER_APPICON_NAME = AppIcon;
				ASSETCATALOG_COMPILER_LAUNCHIMAGE_NAME = "Brand Assets";
				GCC_PRECOMPILE_PREFIX_HEADER = YES;
				GCC_PREFIX_HEADER = BUDEJIE19/Classes/Other/PrefixHeader.pch;
				INFOPLIST_FILE = BUDEJIE19/Info.plist;
				IPHONEOS_DEPLOYMENT_TARGET = 7.0;
				LD_RUNPATH_SEARCH_PATHS = "$(inherited) @executable_path/Frameworks";
				PRODUCT_BUNDLE_IDENTIFIER = com.moxuyou.BUDEJIE19;
				PRODUCT_NAME = "$(TARGET_NAME)";
			};
			name = Debug;
		};
		03F886E11DB25C2E003E2778 /* Release */ = {
			isa = XCBuildConfiguration;
			baseConfigurationReference = 9055BF779293424E6A5E3363 /* Pods-BUDEJIE19.release.xcconfig */;
			buildSettings = {
				ASSETCATALOG_COMPILER_APPICON_NAME = AppIcon;
				ASSETCATALOG_COMPILER_LAUNCHIMAGE_NAME = "Brand Assets";
				GCC_PRECOMPILE_PREFIX_HEADER = YES;
				GCC_PREFIX_HEADER = BUDEJIE19/Classes/Other/PrefixHeader.pch;
				INFOPLIST_FILE = BUDEJIE19/Info.plist;
				IPHONEOS_DEPLOYMENT_TARGET = 7.0;
				LD_RUNPATH_SEARCH_PATHS = "$(inherited) @executable_path/Frameworks";
				PRODUCT_BUNDLE_IDENTIFIER = com.moxuyou.BUDEJIE19;
				PRODUCT_NAME = "$(TARGET_NAME)";
			};
			name = Release;
		};
/* End XCBuildConfiguration section */

/* Begin XCConfigurationList section */
		03F886C31DB25C2E003E2778 /* Build configuration list for PBXProject "BUDEJIE19" */ = {
			isa = XCConfigurationList;
			buildConfigurations = (
				03F886DD1DB25C2E003E2778 /* Debug */,
				03F886DE1DB25C2E003E2778 /* Release */,
			);
			defaultConfigurationIsVisible = 0;
			defaultConfigurationName = Release;
		};
		03F886DF1DB25C2E003E2778 /* Build configuration list for PBXNativeTarget "BUDEJIE19" */ = {
			isa = XCConfigurationList;
			buildConfigurations = (
				03F886E01DB25C2E003E2778 /* Debug */,
				03F886E11DB25C2E003E2778 /* Release */,
			);
			defaultConfigurationIsVisible = 0;
			defaultConfigurationName = Release;
		};
/* End XCConfigurationList section */
	};
	rootObject = 03F886C01DB25C2E003E2778 /* Project object */;
}
